{
  "requires": true,
  "lockfileVersion": 1,
  "dependencies": {
    "markdown-it-footnote": {
      "version": "3.0.2",
      "resolved": "https://registry.npmjs.org/markdown-it-footnote/-/markdown-it-footnote-3.0.2.tgz",
      "integrity": "sha512-JVW6fCmZWjvMdDQSbOT3nnOQtd9iAXmw7hTSh26+v42BnvXeVyGMDBm5b/EZocMed2MbCAHiTX632vY0FyGB8A=="
    },
    "markdown-it-sub": {
      "version": "1.0.0",
      "resolved": "https://registry.npmjs.org/markdown-it-sub/-/markdown-it-sub-1.0.0.tgz",
      "integrity": "sha1-N1/WAm6ufdywEkl/ZBEZXqHjr+g="
    },
    "markdown-it-sup": {
      "version": "1.0.0",
      "resolved": "https://registry.npmjs.org/markdown-it-sup/-/markdown-it-sup-1.0.0.tgz",
      "integrity": "sha1-y5yf+RpSVawI8/09YyhuFd8KH8M="
    }
  }
}
