{
  "requires": true,
  "lockfileVersion": 1,
  "dependencies": {
    "colors": {
      "version": "1.4.0",
      "resolved": "https://registry.npm.taobao.org/colors/download/colors-1.4.0.tgz",
      "integrity": "sha1-xQSRR51MG9rtLJztMs98fcI2D3g=",
      "dev": true
    },
    "vuepress-plugin-auto-sidebar": {
      "version": "1.5.0",
      "resolved": "https://registry.npm.taobao.org/vuepress-plugin-auto-sidebar/download/vuepress-plugin-auto-sidebar-1.5.0.tgz",
      "integrity": "sha1-/BGzL155djlLqwHt1ozWArHAzv4=",
      "dev": true,
      "requires": {
        "colors": "^1.4.0"
      }
    }
  }
}
